
Microsoft Visual Studio Solution File, Format Version 12.00
# Visual Studio Version 17
VisualStudioVersion = 17.9.34728.123
MinimumVisualStudioVersion = 10.0.40219.1
Project("{9A19103F-16F7-4668-BE54-9A1E7A4F7556}") = "SecurityChest", "SecurityChest.csproj", "{5127CCA0-EC5B-4F1E-9426-5F46FF6D1E7B}"
EndProject
Global
	GlobalSection(SolutionConfigurationPlatforms) = preSolution
		Debug|Any CPU = Debug|Any CPU
		Release|Any CPU = Release|Any CPU
	EndGlobalSection
	GlobalSection(ProjectConfigurationPlatforms) = postSolution
		{5127CCA0-EC5B-4F1E-9426-5F46FF6D1E7B}.Debug|Any CPU.ActiveCfg = Debug|Any CPU
		{5127CCA0-EC5B-4F1E-9426-5F46FF6D1E7B}.Debug|Any CPU.Build.0 = Debug|Any CPU
		{5127CCA0-EC5B-4F1E-9426-5F46FF6D1E7B}.Release|Any CPU.ActiveCfg = Release|Any CPU
		{5127CCA0-EC5B-4F1E-9426-5F46FF6D1E7B}.Release|Any CPU.Build.0 = Release|Any CPU
	EndGlobalSection
	GlobalSection(SolutionProperties) = preSolution
		HideSolutionNode = FALSE
	EndGlobalSection
	GlobalSection(ExtensibilityGlobals) = postSolution
		SolutionGuid = {843EA6EE-89A6-4FAD-B8A9-C3E1667DBEF0}
	EndGlobalSection
EndGlobal
